
Microsoft Visual Studio Solution File, Format Version 12.00
# Visual Studio Express 2012 for Web
Project("{FAE04EC0-301F-11D3-BF4B-00C04F79EFBC}") = "ArmedCards.Web", "ArmedCards.Web\ArmedCards.Web.csproj", "{EE20C18D-D1D0-4BF3-8758-B14B6A701C5B}"
EndProject
Global
	GlobalSection(SolutionConfigurationPlatforms) = preSolution
		Debug|Any CPU = Debug|Any CPU
		Release|Any CPU = Release|Any CPU
	EndGlobalSection
	GlobalSection(ProjectConfigurationPlatforms) = postSolution
		{EE20C18D-D1D0-4BF3-8758-B14B6A701C5B}.Debug|Any CPU.ActiveCfg = Debug|Any CPU
		{EE20C18D-D1D0-4BF3-8758-B14B6A701C5B}.Debug|Any CPU.Build.0 = Debug|Any CPU
		{EE20C18D-D1D0-4BF3-8758-B14B6A701C5B}.Release|Any CPU.ActiveCfg = Release|Any CPU
		{EE20C18D-D1D0-4BF3-8758-B14B6A701C5B}.Release|Any CPU.Build.0 = Release|Any CPU
	EndGlobalSection
	GlobalSection(SolutionProperties) = preSolution
		HideSolutionNode = FALSE
	EndGlobalSection
	GlobalSection(ExtensibilityGlobals) = postSolution
		EnterpriseLibraryConfigurationToolBinariesPathV6 = packages\EnterpriseLibrary.Common.6.0.1304.0\lib\NET45;packages\EnterpriseLibrary.Data.6.0.1304.0\lib\NET45
	EndGlobalSection
EndGlobal
